{
  "name": "web01-web-os-emulation",
  "lockfileVersion": 3,
  "requires": true,
  "packages": {
    "": {
      "devDependencies": {
        "eslint-plugin-no-relative-import-paths": "^1.6.1"
      }
    },
    "node_modules/eslint-plugin-no-relative-import-paths": {
      "version": "1.6.1",
      "resolved": "https://registry.npmjs.org/eslint-plugin-no-relative-import-paths/-/eslint-plugin-no-relative-import-paths-1.6.1.tgz",
      "integrity": "sha512-YZNeOnsOrJcwhFw0X29MXjIzu2P/f5X2BZDPWw1R3VUYBRFxNIh77lyoL/XrMU9ewZNQPcEvAgL/cBOT1P330A==",
      "dev": true,
      "license": "ISC"
    }
  }
}
